
Microsoft Visual Studio Solution File, Format Version 12.00
# Visual Studio 15
VisualStudioVersion = 15.0.28307.1778
MinimumVisualStudioVersion = 10.0.40219.1
Project("{D2ABAB84-BF74-430A-B69E-9DC6D40DDA17}") = "Multidimensional_Mysql_MssqlDW", "Multidimensional_Mysql_MssqlDW\Multidimensional_Mysql_MssqlDW.dwproj", "{F6644973-0C8B-418D-B7F2-1AE54E05EE9B}"
EndProject
Global
	GlobalSection(SolutionConfigurationPlatforms) = preSolution
		Development|Default = Development|Default
	EndGlobalSection
	GlobalSection(ProjectConfigurationPlatforms) = postSolution
		{F6644973-0C8B-418D-B7F2-1AE54E05EE9B}.Development|Default.ActiveCfg = Development
		{F6644973-0C8B-418D-B7F2-1AE54E05EE9B}.Development|Default.Build.0 = Development
		{F6644973-0C8B-418D-B7F2-1AE54E05EE9B}.Development|Default.Deploy.0 = Development
	EndGlobalSection
	GlobalSection(SolutionProperties) = preSolution
		HideSolutionNode = FALSE
	EndGlobalSection
	GlobalSection(ExtensibilityGlobals) = postSolution
		SolutionGuid = {47B80D03-8C22-4B2C-9B49-F7EB9C5CC77D}
	EndGlobalSection
EndGlobal
