
Microsoft Visual Studio Solution File, Format Version 12.00
# Visual Studio 15
VisualStudioVersion = 15.0.28307.1778
MinimumVisualStudioVersion = 10.0.40219.1
Project("{159641D6-6404-4A2A-AE62-294DE0FE8301}") = "Integration Service", "Integration Service\Integration Service.dtproj", "{1D093EE3-06D8-4502-BAE2-25A3275A220F}"
EndProject
Global
	GlobalSection(SolutionConfigurationPlatforms) = preSolution
		Development|Default = Development|Default
	EndGlobalSection
	GlobalSection(ProjectConfigurationPlatforms) = postSolution
		{1D093EE3-06D8-4502-BAE2-25A3275A220F}.Development|Default.ActiveCfg = Development
		{1D093EE3-06D8-4502-BAE2-25A3275A220F}.Development|Default.Build.0 = Development
	EndGlobalSection
	GlobalSection(SolutionProperties) = preSolution
		HideSolutionNode = FALSE
	EndGlobalSection
	GlobalSection(ExtensibilityGlobals) = postSolution
		SolutionGuid = {68DB5098-856C-435F-A1DD-27CA42B95649}
	EndGlobalSection
EndGlobal
